
Microsoft Visual Studio Solution File, Format Version 12.00
# Visual Studio Version 17
VisualStudioVersion = 17.5.33424.131
MinimumVisualStudioVersion = 10.0.40219.1
Project("{2150E333-8FDC-42A3-9474-1A3956D46DE8}") = "Core", "Core", "{E4694807-BF70-4EEE-8BC4-3674F078AF05}"
EndProject
Project("{2150E333-8FDC-42A3-9474-1A3956D46DE8}") = "Infrastructure", "Infrastructure", "{CDA5E05E-4C45-4313-9636-9B7BEB220E27}"
EndProject
Project("{2150E333-8FDC-42A3-9474-1A3956D46DE8}") = "Presentation", "Presentation", "{178E4506-9532-4609-9B93-16C8A08B4202}"
EndProject
Project("{9A19103F-16F7-4668-BE54-9A1E7A4F7556}") = "CarRental.Persistence", "CarRental.Persistence\CarRental.Persistence.csproj", "{68DFFC2F-3730-4588-A858-D8D61598C49D}"
EndProject
Project("{9A19103F-16F7-4668-BE54-9A1E7A4F7556}") = "CarRental.API", "CarRental.API\CarRental.API.csproj", "{FAB1A19C-4262-44E9-B002-0B2BB2A161FE}"
EndProject
Project("{2150E333-8FDC-42A3-9474-1A3956D46DE8}") = "Tests", "Tests", "{987A5AC8-07A0-4BE6-B112-1C8A957E7373}"
EndProject
Project("{9A19103F-16F7-4668-BE54-9A1E7A4F7556}") = "Domain.Tests", "Domain.Tests\Domain.Tests.csproj", "{16F22776-3F45-4EF0-91E3-F5D1682A8750}"
EndProject
Project("{9A19103F-16F7-4668-BE54-9A1E7A4F7556}") = "Application.Tests", "Application.Tests\Application.Tests.csproj", "{C9552E6F-5B8B-4251-84C5-623DBD658D95}"
EndProject
Project("{9A19103F-16F7-4668-BE54-9A1E7A4F7556}") = "Persistence.Tests", "Persistence.Tests\Persistence.Tests.csproj", "{78292689-AF86-4302-87B0-4872D9F5F08F}"
EndProject
Project("{9A19103F-16F7-4668-BE54-9A1E7A4F7556}") = "Api.Tests", "Api.Tests\Api.Tests.csproj", "{9727FE0F-65C1-4BBE-8328-710474EE502B}"
EndProject
Project("{9A19103F-16F7-4668-BE54-9A1E7A4F7556}") = "CarRental.Specification", "CarRental.Specification\CarRental.Specification.csproj", "{2591442C-7F0B-4009-A1F9-0A7287EFEF79}"
EndProject
Project("{9A19103F-16F7-4668-BE54-9A1E7A4F7556}") = "CarRental.Domain", "CarRental.Domain\CarRental.Domain.csproj", "{09DE9CDB-B5D6-4343-BC5A-B3AC81C26F79}"
EndProject
Project("{9A19103F-16F7-4668-BE54-9A1E7A4F7556}") = "CarRental.Application", "CarRental.Application\CarRental.Application.csproj", "{E9F947C4-30DF-4AD6-8396-FFAF64D79C88}"
EndProject
Project("{9A19103F-16F7-4668-BE54-9A1E7A4F7556}") = "CarRental.Logging", "CarRental.Logging\CarRental.Logging.csproj", "{DB630DC7-5FA3-45B1-A4A3-30618441949C}"
EndProject
Global
	GlobalSection(SolutionConfigurationPlatforms) = preSolution
		Debug|Any CPU = Debug|Any CPU
		Release|Any CPU = Release|Any CPU
	EndGlobalSection
	GlobalSection(ProjectConfigurationPlatforms) = postSolution
		{68DFFC2F-3730-4588-A858-D8D61598C49D}.Debug|Any CPU.ActiveCfg = Debug|Any CPU
		{68DFFC2F-3730-4588-A858-D8D61598C49D}.Debug|Any CPU.Build.0 = Debug|Any CPU
		{68DFFC2F-3730-4588-A858-D8D61598C49D}.Release|Any CPU.ActiveCfg = Release|Any CPU
		{68DFFC2F-3730-4588-A858-D8D61598C49D}.Release|Any CPU.Build.0 = Release|Any CPU
		{FAB1A19C-4262-44E9-B002-0B2BB2A161FE}.Debug|Any CPU.ActiveCfg = Debug|Any CPU
		{FAB1A19C-4262-44E9-B002-0B2BB2A161FE}.Debug|Any CPU.Build.0 = Debug|Any CPU
		{FAB1A19C-4262-44E9-B002-0B2BB2A161FE}.Release|Any CPU.ActiveCfg = Release|Any CPU
		{FAB1A19C-4262-44E9-B002-0B2BB2A161FE}.Release|Any CPU.Build.0 = Release|Any CPU
		{16F22776-3F45-4EF0-91E3-F5D1682A8750}.Debug|Any CPU.ActiveCfg = Debug|Any CPU
		{16F22776-3F45-4EF0-91E3-F5D1682A8750}.Debug|Any CPU.Build.0 = Debug|Any CPU
		{16F22776-3F45-4EF0-91E3-F5D1682A8750}.Release|Any CPU.ActiveCfg = Release|Any CPU
		{16F22776-3F45-4EF0-91E3-F5D1682A8750}.Release|Any CPU.Build.0 = Release|Any CPU
		{C9552E6F-5B8B-4251-84C5-623DBD658D95}.Debug|Any CPU.ActiveCfg = Debug|Any CPU
		{C9552E6F-5B8B-4251-84C5-623DBD658D95}.Debug|Any CPU.Build.0 = Debug|Any CPU
		{C9552E6F-5B8B-4251-84C5-623DBD658D95}.Release|Any CPU.ActiveCfg = Release|Any CPU
		{C9552E6F-5B8B-4251-84C5-623DBD658D95}.Release|Any CPU.Build.0 = Release|Any CPU
		{78292689-AF86-4302-87B0-4872D9F5F08F}.Debug|Any CPU.ActiveCfg = Debug|Any CPU
		{78292689-AF86-4302-87B0-4872D9F5F08F}.Debug|Any CPU.Build.0 = Debug|Any CPU
		{78292689-AF86-4302-87B0-4872D9F5F08F}.Release|Any CPU.ActiveCfg = Release|Any CPU
		{78292689-AF86-4302-87B0-4872D9F5F08F}.Release|Any CPU.Build.0 = Release|Any CPU
		{9727FE0F-65C1-4BBE-8328-710474EE502B}.Debug|Any CPU.ActiveCfg = Debug|Any CPU
		{9727FE0F-65C1-4BBE-8328-710474EE502B}.Debug|Any CPU.Build.0 = Debug|Any CPU
		{9727FE0F-65C1-4BBE-8328-710474EE502B}.Release|Any CPU.ActiveCfg = Release|Any CPU
		{9727FE0F-65C1-4BBE-8328-710474EE502B}.Release|Any CPU.Build.0 = Release|Any CPU
		{2591442C-7F0B-4009-A1F9-0A7287EFEF79}.Debug|Any CPU.ActiveCfg = Debug|Any CPU
		{2591442C-7F0B-4009-A1F9-0A7287EFEF79}.Debug|Any CPU.Build.0 = Debug|Any CPU
		{2591442C-7F0B-4009-A1F9-0A7287EFEF79}.Release|Any CPU.ActiveCfg = Release|Any CPU
		{2591442C-7F0B-4009-A1F9-0A7287EFEF79}.Release|Any CPU.Build.0 = Release|Any CPU
		{09DE9CDB-B5D6-4343-BC5A-B3AC81C26F79}.Debug|Any CPU.ActiveCfg = Debug|Any CPU
		{09DE9CDB-B5D6-4343-BC5A-B3AC81C26F79}.Debug|Any CPU.Build.0 = Debug|Any CPU
		{09DE9CDB-B5D6-4343-BC5A-B3AC81C26F79}.Release|Any CPU.ActiveCfg = Release|Any CPU
		{09DE9CDB-B5D6-4343-BC5A-B3AC81C26F79}.Release|Any CPU.Build.0 = Release|Any CPU
		{E9F947C4-30DF-4AD6-8396-FFAF64D79C88}.Debug|Any CPU.ActiveCfg = Debug|Any CPU
		{E9F947C4-30DF-4AD6-8396-FFAF64D79C88}.Debug|Any CPU.Build.0 = Debug|Any CPU
		{E9F947C4-30DF-4AD6-8396-FFAF64D79C88}.Release|Any CPU.ActiveCfg = Release|Any CPU
		{E9F947C4-30DF-4AD6-8396-FFAF64D79C88}.Release|Any CPU.Build.0 = Release|Any CPU
		{DB630DC7-5FA3-45B1-A4A3-30618441949C}.Debug|Any CPU.ActiveCfg = Debug|Any CPU
		{DB630DC7-5FA3-45B1-A4A3-30618441949C}.Debug|Any CPU.Build.0 = Debug|Any CPU
		{DB630DC7-5FA3-45B1-A4A3-30618441949C}.Release|Any CPU.ActiveCfg = Release|Any CPU
		{DB630DC7-5FA3-45B1-A4A3-30618441949C}.Release|Any CPU.Build.0 = Release|Any CPU
	EndGlobalSection
	GlobalSection(SolutionProperties) = preSolution
		HideSolutionNode = FALSE
	EndGlobalSection
	GlobalSection(NestedProjects) = preSolution
		{68DFFC2F-3730-4588-A858-D8D61598C49D} = {CDA5E05E-4C45-4313-9636-9B7BEB220E27}
		{FAB1A19C-4262-44E9-B002-0B2BB2A161FE} = {178E4506-9532-4609-9B93-16C8A08B4202}
		{16F22776-3F45-4EF0-91E3-F5D1682A8750} = {987A5AC8-07A0-4BE6-B112-1C8A957E7373}
		{C9552E6F-5B8B-4251-84C5-623DBD658D95} = {987A5AC8-07A0-4BE6-B112-1C8A957E7373}
		{78292689-AF86-4302-87B0-4872D9F5F08F} = {987A5AC8-07A0-4BE6-B112-1C8A957E7373}
		{9727FE0F-65C1-4BBE-8328-710474EE502B} = {987A5AC8-07A0-4BE6-B112-1C8A957E7373}
		{2591442C-7F0B-4009-A1F9-0A7287EFEF79} = {CDA5E05E-4C45-4313-9636-9B7BEB220E27}
		{09DE9CDB-B5D6-4343-BC5A-B3AC81C26F79} = {E4694807-BF70-4EEE-8BC4-3674F078AF05}
		{E9F947C4-30DF-4AD6-8396-FFAF64D79C88} = {E4694807-BF70-4EEE-8BC4-3674F078AF05}
		{DB630DC7-5FA3-45B1-A4A3-30618441949C} = {CDA5E05E-4C45-4313-9636-9B7BEB220E27}
	EndGlobalSection
	GlobalSection(ExtensibilityGlobals) = postSolution
		SolutionGuid = {D7DB0789-B32E-43C2-B540-B624CEA72FB2}
	EndGlobalSection
EndGlobal
